{
  "name": "PistaTesteDataTable-CSV",
  "lockfileVersion": 3,
  "requires": true,
  "packages": {
    "": {
      "dependencies": {
        "bootstrap": "^5.3.8",
        "bootstrap-icons": "^1.13.1",
        "datatables.net-bs5": "^2.3.4",
        "datatables.net-colreorder-bs5": "^2.1.2",
        "datatables.net-columncontrol-bs5": "^1.1.0",
        "datatables.net-datetime": "^1.6.0",
        "datatables.net-searchbuilder-bs5": "^1.8.4",
        "papaparse": "^5.6.0"
      }
    },
    "node_modules/@popperjs/core": {
      "version": "2.11.8",
      "resolved": "https://registry.npmjs.org/@popperjs/core/-/core-2.11.8.tgz",
      "integrity": "sha512-P1st0aksCrn9sGZhp8GMYwBnQsbvAWsZAX44oXNNvLHGqAOcoVxmjZiohstwQ7SqKnbR47akdNi+uleWD8+g6A==",
      "license": "MIT",
      "peer": true,
      "funding": {
        "type": "opencollective",
        "url": "https://opencollective.com/popperjs"
      }
    },
    "node_modules/bootstrap": {
      "version": "5.3.8",
      "resolved": "https://registry.npmjs.org/bootstrap/-/bootstrap-5.3.8.tgz",
      "integrity": "sha512-HP1SZDqaLDPwsNiqRqi5NcP0SSXciX2s9E+RyqJIIqGo+vJeN5AJVM98CXmW/Wux0nQ5L7jeWUdplCEf0Ee+tg==",
      "funding": [
        {
          "type": "github",
          "url": "https://github.com/sponsors/twbs"
        },
        {
          "type": "opencollective",
          "url": "https://opencollective.com/bootstrap"
        }
      ],
      "license": "MIT",
      "peerDependencies": {
        "@popperjs/core": "^2.11.8"
      }
    },
    "node_modules/bootstrap-icons": {
      "version": "1.13.1",
      "resolved": "https://registry.npmjs.org/bootstrap-icons/-/bootstrap-icons-1.13.1.tgz",
      "integrity": "sha512-ijombt4v6bv5CLeXvRWKy7CuM3TRTuPEuGaGKvTV5cz65rQSY8RQ2JcHt6b90cBBAC7s8fsf2EkQDldzCoXUjw==",
      "funding": [
        {
          "type": "github",
          "url": "https://github.com/sponsors/twbs"
        },
        {
          "type": "opencollective",
          "url": "https://opencollective.com/bootstrap"
        }
      ],
      "license": "MIT"
    },
    "node_modules/datatables.net": {
      "version": "2.3.8",
      "resolved": "https://registry.npmjs.org/datatables.net/-/datatables.net-2.3.8.tgz",
      "integrity": "sha512-uhViowhlDlheAuo5a8TrkQqADsjrtGeOyvrigvr4t0+K3MyAWqClORXWAYIcN9VLX6iIX0C8O9gwJNd01hITRg==",
      "license": "MIT",
      "dependencies": {
        "jquery": ">=1.7"
      }
    },
    "node_modules/datatables.net-bs5": {
      "version": "2.3.8",
      "resolved": "https://registry.npmjs.org/datatables.net-bs5/-/datatables.net-bs5-2.3.8.tgz",
      "integrity": "sha512-TbFH99QSWm93Kn3teHLFKeyOqYbaiddlHvRFdXUwAvh/fjTMhACWmHG+I43ss8d23OEFHV0WIbN4lpPusZm5zw==",
      "license": "MIT",
      "dependencies": {
        "datatables.net": "2.3.8",
        "jquery": ">=1.7"
      }
    },
    "node_modules/datatables.net-colreorder": {
      "version": "2.1.2",
      "resolved": "https://registry.npmjs.org/datatables.net-colreorder/-/datatables.net-colreorder-2.1.2.tgz",
      "integrity": "sha512-lIsUyOt2nBm4sD2cSzDKZcIVrGgrZkh90Z2f03s8p7DYcZSfXMHAhFBrDYf9/eAK6wJnODN8EDMsrtPHfgoSXA==",
      "license": "MIT",
      "dependencies": {
        "datatables.net": "^2",
        "jquery": ">=1.7"
      }
    },
    "node_modules/datatables.net-colreorder-bs5": {
      "version": "2.1.2",
      "resolved": "https://registry.npmjs.org/datatables.net-colreorder-bs5/-/datatables.net-colreorder-bs5-2.1.2.tgz",
      "integrity": "sha512-fQlitQxeRMASSGHXjpZXxwzfaDUj3LuWtjAl9bTCRatmNrUn1IqViVMBEPzFC/VDzpWMq1ltwcy2jbeygL/Ixg==",
      "license": "MIT",
      "dependencies": {
        "datatables.net-bs5": "^2",
        "datatables.net-colreorder": "2.1.2",
        "jquery": ">=1.7"
      }
    },
    "node_modules/datatables.net-columncontrol": {
      "version": "1.2.1",
      "resolved": "https://registry.npmjs.org/datatables.net-columncontrol/-/datatables.net-columncontrol-1.2.1.tgz",
      "integrity": "sha512-NWh5CykZ1y+LiuKUHuDGKPM7glbj7nop7vk7htTrN8OqmEPlUZImUK9JJKJqMvs3qY0LzxQ4o8kX8Qu/eMNSaA==",
      "license": "MIT",
      "dependencies": {
        "datatables.net": "^2.3.2"
      }
    },
    "node_modules/datatables.net-columncontrol-bs5": {
      "version": "1.2.1",
      "resolved": "https://registry.npmjs.org/datatables.net-columncontrol-bs5/-/datatables.net-columncontrol-bs5-1.2.1.tgz",
      "integrity": "sha512-gZeND0C0QEG3bEpO8r50XXh+CYXlnEbd0j33Y//YbGwN9tkB9kJ52dttr4QLvZyZ9N1L4DBXEWKACf4nhehCNQ==",
      "license": "MIT",
      "dependencies": {
        "datatables.net-bs5": "^2.3.2",
        "datatables.net-columncontrol": "1.2.1"
      }
    },
    "node_modules/datatables.net-datetime": {
      "version": "1.6.3",
      "resolved": "https://registry.npmjs.org/datatables.net-datetime/-/datatables.net-datetime-1.6.3.tgz",
      "integrity": "sha512-aji7yCJOLxoMuBv5gMH9orqJTrrMAupTTowut22ZMpqG5E0zWWJmYKDjwhJpowkwu6AIKCSiWGiv5pwz61t0mw==",
      "license": "MIT"
    },
    "node_modules/datatables.net-searchbuilder": {
      "version": "1.8.4",
      "resolved": "https://registry.npmjs.org/datatables.net-searchbuilder/-/datatables.net-searchbuilder-1.8.4.tgz",
      "integrity": "sha512-rK+5sZU5wwphVRGqFB0ahJ75+yL5jBznnLrRKnGZ03fBDlhQo9TM9k8FKU1vK6NyWHj2fPes+mS/0s7LkP8cMw==",
      "license": "MIT",
      "dependencies": {
        "datatables.net": "^2",
        "jquery": ">=1.7"
      }
    },
    "node_modules/datatables.net-searchbuilder-bs5": {
      "version": "1.8.4",
      "resolved": "https://registry.npmjs.org/datatables.net-searchbuilder-bs5/-/datatables.net-searchbuilder-bs5-1.8.4.tgz",
      "integrity": "sha512-9adKB0QZCl4rZ0TluwJxYWxqKCWBndL/ie7I2LGKTT4Qq02uYjkQi/xqueczGPf3HChohuSHARJO6wbtYcNxyw==",
      "license": "MIT",
      "dependencies": {
        "datatables.net-bs5": "^2",
        "datatables.net-searchbuilder": "1.8.4",
        "jquery": ">=1.7"
      }
    },
    "node_modules/jquery": {
      "version": "4.0.0",
      "resolved": "https://registry.npmjs.org/jquery/-/jquery-4.0.0.tgz",
      "integrity": "sha512-TXCHVR3Lb6TZdtw1l3RTLf8RBWVGexdxL6AC8/e0xZKEpBflBsjh9/8LXw+dkNFuOyW9B7iB3O1sP7hS0Kiacg==",
      "license": "MIT"
    },
    "node_modules/papaparse": {
      "version": "5.6.0",
      "resolved": "https://registry.npmjs.org/papaparse/-/papaparse-5.6.0.tgz",
      "integrity": "sha512-N2vuNQAYGK1/4vs6HJX86+VYU6OkiSTgdJz3JQfTk1y51cFCO/U8gnaeTF4iNE4r57Tt0sV47dUua1/19pxO6Q==",
      "license": "MIT"
    }
  }
}
